
Microsoft Visual Studio Solution File, Format Version 12.00
# Visual Studio 2012
Project("{FAE04EC0-301F-11D3-BF4B-00C04F79EFBC}") = "Com.ViewPagerIndicator", "Com.ViewPagerIndicator\Com.ViewPagerIndicator.csproj", "{1A412ED9-7E84-42AB-90A3-BA9589BC6614}"
EndProject
Global
	GlobalSection(SolutionConfigurationPlatforms) = preSolution
		Debug|Any CPU = Debug|Any CPU
		Release|Any CPU = Release|Any CPU
	EndGlobalSection
	GlobalSection(ProjectConfigurationPlatforms) = postSolution
		{1A412ED9-7E84-42AB-90A3-BA9589BC6614}.Debug|Any CPU.ActiveCfg = Debug|Any CPU
		{1A412ED9-7E84-42AB-90A3-BA9589BC6614}.Debug|Any CPU.Build.0 = Debug|Any CPU
		{1A412ED9-7E84-42AB-90A3-BA9589BC6614}.Release|Any CPU.ActiveCfg = Release|Any CPU
		{1A412ED9-7E84-42AB-90A3-BA9589BC6614}.Release|Any CPU.Build.0 = Release|Any CPU
	EndGlobalSection
EndGlobal
